// !$*UTF8*$!
{
	archiveVersion = 1;
	classes = {
	};
	objectVersion = 56;
	objects = {

/* Begin PBXBuildFile section */
		DB6417E22AF94B6A00ACBDD7 /* CPB_FireBaseApp.swift in Sources */ = {isa = PBXBuildFile; fileRef = DB6417E12AF94B6A00ACBDD7 /* CPB_FireBaseApp.swift */; };
		DB6417E42AF94B6A00ACBDD7 /* ContentView.swift in Sources */ = {isa = PBXBuildFile; fileRef = DB6417E32AF94B6A00ACBDD7 /* ContentView.swift */; };
		DB6417E62AF94B6D00ACBDD7 /* Assets.xcassets in Resources */ = {isa = PBXBuildFile; fileRef = DB6417E52AF94B6D00ACBDD7 /* Assets.xcassets */; };
		DB6417E92AF94B6D00ACBDD7 /* Preview Assets.xcassets in Resources */ = {isa = PBXBuildFile; fileRef = DB6417E82AF94B6D00ACBDD7 /* Preview Assets.xcassets */; };
		DB6417F32AF94B6E00ACBDD7 /* CPB_FireBaseTests.swift in Sources */ = {isa = PBXBuildFile; fileRef = DB6417F22AF94B6E00ACBDD7 /* CPB_FireBaseTests.swift */; };
		DB6417FD2AF94B6E00ACBDD7 /* CPB_FireBaseUITests.swift in Sources */ = {isa = PBXBuildFile; fileRef = DB6417FC2AF94B6E00ACBDD7 /* CPB_FireBaseUITests.swift */; };
		DB6417FF2AF94B6E00ACBDD7 /* CPB_FireBaseUITestsLaunchTests.swift in Sources */ = {isa = PBXBuildFile; fileRef = DB6417FE2AF94B6E00ACBDD7 /* CPB_FireBaseUITestsLaunchTests.swift */; };
/* End PBXBuildFile section */

/* Begin PBXContainerItemProxy section */
		DB6417EF2AF94B6E00ACBDD7 /* PBXContainerItemProxy */ = {
			isa = PBXContainerItemProxy;
			containerPortal = DB6417D62AF94B6A00ACBDD7 /* Project object */;
			proxyType = 1;
			remoteGlobalIDString = DB6417DD2AF94B6A00ACBDD7;
			remoteInfo = CPB_FireBase;
		};
		DB6417F92AF94B6E00ACBDD7 /* PBXContainerItemProxy */ = {
			isa = PBXContainerItemProxy;
			containerPortal = DB6417D62AF94B6A00ACBDD7 /* Project object */;
			proxyType = 1;
			remoteGlobalIDString = DB6417DD2AF94B6A00ACBDD7;
			remoteInfo = CPB_FireBase;
		};
/* End PBXContainerItemProxy section */

/* Begin PBXFileReference section */
		DB6417DE2AF94B6A00ACBDD7 /* CPB_FireBase.app */ = {isa = PBXFileReference; explicitFileType = wrapper.application; includeInIndex = 0; path = CPB_FireBase.app; sourceTree = BUILT_PRODUCTS_DIR; };
		DB6417E12AF94B6A00ACBDD7 /* CPB_FireBaseApp.swift */ = {isa = PBXFileReference; lastKnownFileType = sourcecode.swift; path = CPB_FireBaseApp.swift; sourceTree = "<group>"; };
		DB6417E32AF94B6A00ACBDD7 /* ContentView.swift */ = {isa = PBXFileReference; lastKnownFileType = sourcecode.swift; path = ContentView.swift; sourceTree = "<group>"; };
		DB6417E52AF94B6D00ACBDD7 /* Assets.xcassets */ = {isa = PBXFileReference; lastKnownFileType = folder.assetcatalog; path = Assets.xcassets; sourceTree = "<group>"; };
		DB6417E82AF94B6D00ACBDD7 /* Preview Assets.xcassets */ = {isa = PBXFileReference; lastKnownFileType = folder.assetcatalog; path = "Preview Assets.xcassets"; sourceTree = "<group>"; };
		DB6417EE2AF94B6E00ACBDD7 /* CPB_FireBaseTests.xctest */ = {isa = PBXFileReference; explicitFileType = wrapper.cfbundle; includeInIndex = 0; path = CPB_FireBaseTests.xctest; sourceTree = BUILT_PRODUCTS_DIR; };
		DB6417F22AF94B6E00ACBDD7 /* CPB_FireBaseTests.swift */ = {isa = PBXFileReference; lastKnownFileType = sourcecode.swift; path = CPB_FireBaseTests.swift; sourceTree = "<group>"; };
		DB6417F82AF94B6E00ACBDD7 /* CPB_FireBaseUITests.xctest */ = {isa = PBXFileReference; explicitFileType = wrapper.cfbundle; includeInIndex = 0; path = CPB_FireBaseUITests.xctest; sourceTree = BUILT_PRODUCTS_DIR; };
		DB6417FC2AF94B6E00ACBDD7 /* CPB_FireBaseUITests.swift */ = {isa = PBXFileReference; lastKnownFileType = sourcecode.swift; path = CPB_FireBaseUITests.swift; sourceTree = "<group>"; };
		DB6417FE2AF94B6E00ACBDD7 /* CPB_FireBaseUITestsLaunchTests.swift */ = {isa = PBXFileReference; lastKnownFileType = sourcecode.swift; path = CPB_FireBaseUITestsLaunchTests.swift; sourceTree = "<group>"; };
/* End PBXFileReference section */

/* Begin PBXFrameworksBuildPhase section */
		DB6417DB2AF94B6A00ACBDD7 /* Frameworks */ = {
			isa = PBXFrameworksBuildPhase;
			buildActionMask = 2147483647;
			files = (
			);
			runOnlyForDeploymentPostprocessing = 0;
		};
		DB6417EB2AF94B6E00ACBDD7 /* Frameworks */ = {
			isa = PBXFrameworksBuildPhase;
			buildActionMask = 2147483647;
			files = (
			);
			runOnlyForDeploymentPostprocessing = 0;
		};
		DB6417F52AF94B6E00ACBDD7 /* Frameworks */ = {
			isa = PBXFrameworksBuildPhase;
			buildActionMask = 2147483647;
			files = (
			);
			runOnlyForDeploymentPostprocessing = 0;
		};
/* End PBXFrameworksBuildPhase section */

/* Begin PBXGroup section */
		DB6417D52AF94B6A00ACBDD7 = {
			isa = PBXGroup;
			children = (
				DB6417E02AF94B6A00ACBDD7 /* CPB_FireBase */,
				DB6417F12AF94B6E00ACBDD7 /* CPB_FireBaseTests */,
				DB6417FB2AF94B6E00ACBDD7 /* CPB_FireBaseUITests */,
				DB6417DF2AF94B6A00ACBDD7 /* Products */,
			);
			sourceTree = "<group>";
		};
		DB6417DF2AF94B6A00ACBDD7 /* Products */ = {
			isa = PBXGroup;
			children = (
				DB6417DE2AF94B6A00ACBDD7 /* CPB_FireBase.app */,
				DB6417EE2AF94B6E00ACBDD7 /* CPB_FireBaseTests.xctest */,
				DB6417F82AF94B6E00ACBDD7 /* CPB_FireBaseUITests.xctest */,
			);
			name = Products;
			sourceTree = "<group>";
		};
		DB6417E02AF94B6A00ACBDD7 /* CPB_FireBase */ = {
			isa = PBXGroup;
			children = (
				DB6417E12AF94B6A00ACBDD7 /* CPB_FireBaseApp.swift */,
				DB6417E32AF94B6A00ACBDD7 /* ContentView.swift */,
				DB6417E52AF94B6D00ACBDD7 /* Assets.xcassets */,
				DB6417E72AF94B6D00ACBDD7 /* Preview Content */,
			);
			path = CPB_FireBase;
			sourceTree = "<group>";
		};
		DB6417E72AF94B6D00ACBDD7 /* Preview Content */ = {
			isa = PBXGroup;
			children = (
				DB6417E82AF94B6D00ACBDD7 /* Preview Assets.xcassets */,
			);
			path = "Preview Content";
			sourceTree = "<group>";
		};
		DB6417F12AF94B6E00ACBDD7 /* CPB_FireBaseTests */ = {
			isa = PBXGroup;
			children = (
				DB6417F22AF94B6E00ACBDD7 /* CPB_FireBaseTests.swift */,
			);
			path = CPB_FireBaseTests;
			sourceTree = "<group>";
		};
		DB6417FB2AF94B6E00ACBDD7 /* CPB_FireBaseUITests */ = {
			isa = PBXGroup;
			children = (
				DB6417FC2AF94B6E00ACBDD7 /* CPB_FireBaseUITests.swift */,
				DB6417FE2AF94B6E00ACBDD7 /* CPB_FireBaseUITestsLaunchTests.swift */,
			);
			path = CPB_FireBaseUITests;
			sourceTree = "<group>";
		};
/* End PBXGroup section */

/* Begin PBXNativeTarget section */
		DB6417DD2AF94B6A00ACBDD7 /* CPB_FireBase */ = {
			isa = PBXNativeTarget;
			buildConfigurationList = DB6418022AF94B6E00ACBDD7 /* Build configuration list for PBXNativeTarget "CPB_FireBase" */;
			buildPhases = (
				DB6417DA2AF94B6A00ACBDD7 /* Sources */,
				DB6417DB2AF94B6A00ACBDD7 /* Frameworks */,
				DB6417DC2AF94B6A00ACBDD7 /* Resources */,
			);
			buildRules = (
			);
			dependencies = (
			);
			name = CPB_FireBase;
			productName = CPB_FireBase;
			productReference = DB6417DE2AF94B6A00ACBDD7 /* CPB_FireBase.app */;
			productType = "com.apple.product-type.application";
		};
		DB6417ED2AF94B6E00ACBDD7 /* CPB_FireBaseTests */ = {
			isa = PBXNativeTarget;
			buildConfigurationList = DB6418052AF94B6E00ACBDD7 /* Build configuration list for PBXNativeTarget "CPB_FireBaseTests" */;
			buildPhases = (
				DB6417EA2AF94B6E00ACBDD7 /* Sources */,
				DB6417EB2AF94B6E00ACBDD7 /* Frameworks */,
				DB6417EC2AF94B6E00ACBDD7 /* Resources */,
			);
			buildRules = (
			);
			dependencies = (
				DB6417F02AF94B6E00ACBDD7 /* PBXTargetDependency */,
			);
			name = CPB_FireBaseTests;
			productName = CPB_FireBaseTests;
			productReference = DB6417EE2AF94B6E00ACBDD7 /* CPB_FireBaseTests.xctest */;
			productType = "com.apple.product-type.bundle.unit-test";
		};
		DB6417F72AF94B6E00ACBDD7 /* CPB_FireBaseUITests */ = {
			isa = PBXNativeTarget;
			buildConfigurationList = DB6418082AF94B6E00ACBDD7 /* Build configuration list for PBXNativeTarget "CPB_FireBaseUITests" */;
			buildPhases = (
				DB6417F42AF94B6E00ACBDD7 /* Sources */,
				DB6417F52AF94B6E00ACBDD7 /* Frameworks */,
				DB6417F62AF94B6E00ACBDD7 /* Resources */,
			);
			buildRules = (
			);
			dependencies = (
				DB6417FA2AF94B6E00ACBDD7 /* PBXTargetDependency */,
			);
			name = CPB_FireBaseUITests;
			productName = CPB_FireBaseUITests;
			productReference = DB6417F82AF94B6E00ACBDD7 /* CPB_FireBaseUITests.xctest */;
			productType = "com.apple.product-type.bundle.ui-testing";
		};
/* End PBXNativeTarget section */

/* Begin PBXProject section */
		DB6417D62AF94B6A00ACBDD7 /* Project object */ = {
			isa = PBXProject;
			attributes = {
				BuildIndependentTargetsInParallel = 1;
				LastSwiftUpdateCheck = 1500;
				LastUpgradeCheck = 1500;
				TargetAttributes = {
					DB6417DD2AF94B6A00ACBDD7 = {
						CreatedOnToolsVersion = 15.0.1;
					};
					DB6417ED2AF94B6E00ACBDD7 = {
						CreatedOnToolsVersion = 15.0.1;
						TestTargetID = DB6417DD2AF94B6A00ACBDD7;
					};
					DB6417F72AF94B6E00ACBDD7 = {
						CreatedOnToolsVersion = 15.0.1;
						TestTargetID = DB6417DD2AF94B6A00ACBDD7;
					};
				};
			};
			buildConfigurationList = DB6417D92AF94B6A00ACBDD7 /* Build configuration list for PBXProject "CPB_FireBase" */;
			compatibilityVersion = "Xcode 14.0";
			developmentRegion = en;
			hasScannedForEncodings = 0;
			knownRegions = (
				en,
				Base,
			);
			mainGroup = DB6417D52AF94B6A00ACBDD7;
			productRefGroup = DB6417DF2AF94B6A00ACBDD7 /* Products */;
			projectDirPath = "";
			projectRoot = "";
			targets = (
				DB6417DD2AF94B6A00ACBDD7 /* CPB_FireBase */,
				DB6417ED2AF94B6E00ACBDD7 /* CPB_FireBaseTests */,
				DB6417F72AF94B6E00ACBDD7 /* CPB_FireBaseUITests */,
			);
		};
/* End PBXProject section */

/* Begin PBXResourcesBuildPhase section */
		DB6417DC2AF94B6A00ACBDD7 /* Resources */ = {
			isa = PBXResourcesBuildPhase;
			buildActionMask = 2147483647;
			files = (
				DB6417E92AF94B6D00ACBDD7 /* Preview Assets.xcassets in Resources */,
				DB6417E62AF94B6D00ACBDD7 /* Assets.xcassets in Resources */,
			);
			runOnlyForDeploymentPostprocessing = 0;
		};
		DB6417EC2AF94B6E00ACBDD7 /* Resources */ = {
			isa = PBXResourcesBuildPhase;
			buildActionMask = 2147483647;
			files = (
			);
			runOnlyForDeploymentPostprocessing = 0;
		};
		DB6417F62AF94B6E00ACBDD7 /* Resources */ = {
			isa = PBXResourcesBuildPhase;
			buildActionMask = 2147483647;
			files = (
			);
			runOnlyForDeploymentPostprocessing = 0;
		};
/* End PBXResourcesBuildPhase section */

/* Begin PBXSourcesBuildPhase section */
		DB6417DA2AF94B6A00ACBDD7 /* Sources */ = {
			isa = PBXSourcesBuildPhase;
			buildActionMask = 2147483647;
			files = (
				DB6417E42AF94B6A00ACBDD7 /* ContentView.swift in Sources */,
				DB6417E22AF94B6A00ACBDD7 /* CPB_FireBaseApp.swift in Sources */,
			);
			runOnlyForDeploymentPostprocessing = 0;
		};
		DB6417EA2AF94B6E00ACBDD7 /* Sources */ = {
			isa = PBXSourcesBuildPhase;
			buildActionMask = 2147483647;
			files = (
				DB6417F32AF94B6E00ACBDD7 /* CPB_FireBaseTests.swift in Sources */,
			);
			runOnlyForDeploymentPostprocessing = 0;
		};
		DB6417F42AF94B6E00ACBDD7 /* Sources */ = {
			isa = PBXSourcesBuildPhase;
			buildActionMask = 2147483647;
			files = (
				DB6417FD2AF94B6E00ACBDD7 /* CPB_FireBaseUITests.swift in Sources */,
				DB6417FF2AF94B6E00ACBDD7 /* CPB_FireBaseUITestsLaunchTests.swift in Sources */,
			);
			runOnlyForDeploymentPostprocessing = 0;
		};
/* End PBXSourcesBuildPhase section */

/* Begin PBXTargetDependency section */
		DB6417F02AF94B6E00ACBDD7 /* PBXTargetDependency */ = {
			isa = PBXTargetDependency;
			target = DB6417DD2AF94B6A00ACBDD7 /* CPB_FireBase */;
			targetProxy = DB6417EF2AF94B6E00ACBDD7 /* PBXContainerItemProxy */;
		};
		DB6417FA2AF94B6E00ACBDD7 /* PBXTargetDependency */ = {
			isa = PBXTargetDependency;
			target = DB6417DD2AF94B6A00ACBDD7 /* CPB_FireBase */;
			targetProxy = DB6417F92AF94B6E00ACBDD7 /* PBXContainerItemProxy */;
		};
/* End PBXTargetDependency section */

/* Begin XCBuildConfiguration section */
		DB6418002AF94B6E00ACBDD7 /* Debug */ = {
			isa = XCBuildConfiguration;
			buildSettings = {
				ALWAYS_SEARCH_USER_PATHS = NO;
				ASSETCATALOG_COMPILER_GENERATE_SWIFT_ASSET_SYMBOL_EXTENSIONS = YES;
				CLANG_ANALYZER_NONNULL = YES;
				CLANG_ANALYZER_NUMBER_OBJECT_CONVERSION = YES_AGGRESSIVE;
				CLANG_CXX_LANGUAGE_STANDARD = "gnu++20";
				CLANG_ENABLE_MODULES = YES;
				CLANG_ENABLE_OBJC_ARC = YES;
				CLANG_ENABLE_OBJC_WEAK = YES;
				CLANG_WARN_BLOCK_CAPTURE_AUTORELEASING = YES;
				CLANG_WARN_BOOL_CONVERSION = YES;
				CLANG_WARN_COMMA = YES;
				CLANG_WARN_CONSTANT_CONVERSION = YES;
				CLANG_WARN_DEPRECATED_OBJC_IMPLEMENTATIONS = YES;
				CLANG_WARN_DIRECT_OBJC_ISA_USAGE = YES_ERROR;
				CLANG_WARN_DOCUMENTATION_COMMENTS = YES;
				CLANG_WARN_EMPTY_BODY = YES;
				CLANG_WARN_ENUM_CONVERSION = YES;
				CLANG_WARN_INFINITE_RECURSION = YES;
				CLANG_WARN_INT_CONVERSION = YES;
				CLANG_WARN_NON_LITERAL_NULL_CONVERSION = YES;
				CLANG_WARN_OBJC_IMPLICIT_RETAIN_SELF = YES;
				CLANG_WARN_OBJC_LITERAL_CONVERSION = YES;
				CLANG_WARN_OBJC_ROOT_CLASS = YES_ERROR;
				CLANG_WARN_QUOTED_INCLUDE_IN_FRAMEWORK_HEADER = YES;
				CLANG_WARN_RANGE_LOOP_ANALYSIS = YES;
				CLANG_WARN_STRICT_PROTOTYPES = YES;
				CLANG_WARN_SUSPICIOUS_MOVE = YES;
				CLANG_WARN_UNGUARDED_AVAILABILITY = YES_AGGRESSIVE;
				CLANG_WARN_UNREACHABLE_CODE = YES;
				CLANG_WARN__DUPLICATE_METHOD_MATCH = YES;
				COPY_PHASE_STRIP = NO;
				DEBUG_INFORMATION_FORMAT = dwarf;
				ENABLE_STRICT_OBJC_MSGSEND = YES;
				ENABLE_TESTABILITY = YES;
				ENABLE_USER_SCRIPT_SANDBOXING = YES;
				GCC_C_LANGUAGE_STANDARD = gnu17;
				GCC_DYNAMIC_NO_PIC = NO;
				GCC_NO_COMMON_BLOCKS = YES;
				GCC_OPTIMIZATION_LEVEL = 0;
				GCC_PREPROCESSOR_DEFINITIONS = (
					"DEBUG=1",
					"$(inherited)",
				);
				GCC_WARN_64_TO_32_BIT_CONVERSION = YES;
				GCC_WARN_ABOUT_RETURN_TYPE = YES_ERROR;
				GCC_WARN_UNDECLARED_SELECTOR = YES;
				GCC_WARN_UNINITIALIZED_AUTOS = YES_AGGRESSIVE;
				GCC_WARN_UNUSED_FUNCTION = YES;
				GCC_WARN_UNUSED_VARIABLE = YES;
				IPHONEOS_DEPLOYMENT_TARGET = 17.0;
				LOCALIZATION_PREFERS_STRING_CATALOGS = YES;
				MTL_ENABLE_DEBUG_INFO = INCLUDE_SOURCE;
				MTL_FAST_MATH = YES;
				ONLY_ACTIVE_ARCH = YES;
				SDKROOT = iphoneos;
				SWIFT_ACTIVE_COMPILATION_CONDITIONS = "DEBUG $(inherited)";
				SWIFT_OPTIMIZATION_LEVEL = "-Onone";
			};
			name = Debug;
		};
		DB6418012AF94B6E00ACBDD7 /* Release */ = {
			isa = XCBuildConfiguration;
			buildSettings = {
				ALWAYS_SEARCH_USER_PATHS = NO;
				ASSETCATALOG_COMPILER_GENERATE_SWIFT_ASSET_SYMBOL_EXTENSIONS = YES;
				CLANG_ANALYZER_NONNULL = YES;
				CLANG_ANALYZER_NUMBER_OBJECT_CONVERSION = YES_AGGRESSIVE;
				CLANG_CXX_LANGUAGE_STANDARD = "gnu++20";
				CLANG_ENABLE_MODULES = YES;
				CLANG_ENABLE_OBJC_ARC = YES;
				CLANG_ENABLE_OBJC_WEAK = YES;
				CLANG_WARN_BLOCK_CAPTURE_AUTORELEASING = YES;
				CLANG_WARN_BOOL_CONVERSION = YES;
				CLANG_WARN_COMMA = YES;
				CLANG_WARN_CONSTANT_CONVERSION = YES;
				CLANG_WARN_DEPRECATED_OBJC_IMPLEMENTATIONS = YES;
				CLANG_WARN_DIRECT_OBJC_ISA_USAGE = YES_ERROR;
				CLANG_WARN_DOCUMENTATION_COMMENTS = YES;
				CLANG_WARN_EMPTY_BODY = YES;
				CLANG_WARN_ENUM_CONVERSION = YES;
				CLANG_WARN_INFINITE_RECURSION = YES;
				CLANG_WARN_INT_CONVERSION = YES;
				CLANG_WARN_NON_LITERAL_NULL_CONVERSION = YES;
				CLANG_WARN_OBJC_IMPLICIT_RETAIN_SELF = YES;
				CLANG_WARN_OBJC_LITERAL_CONVERSION = YES;
				CLANG_WARN_OBJC_ROOT_CLASS = YES_ERROR;
				CLANG_WARN_QUOTED_INCLUDE_IN_FRAMEWORK_HEADER = YES;
				CLANG_WARN_RANGE_LOOP_ANALYSIS = YES;
				CLANG_WARN_STRICT_PROTOTYPES = YES;
				CLANG_WARN_SUSPICIOUS_MOVE = YES;
				CLANG_WARN_UNGUARDED_AVAILABILITY = YES_AGGRESSIVE;
				CLANG_WARN_UNREACHABLE_CODE = YES;
				CLANG_WARN__DUPLICATE_METHOD_MATCH = YES;
				COPY_PHASE_STRIP = NO;
				DEBUG_INFORMATION_FORMAT = "dwarf-with-dsym";
				ENABLE_NS_ASSERTIONS = NO;
				ENABLE_STRICT_OBJC_MSGSEND = YES;
				ENABLE_USER_SCRIPT_SANDBOXING = YES;
				GCC_C_LANGUAGE_STANDARD = gnu17;
				GCC_NO_COMMON_BLOCKS = YES;
				GCC_WARN_64_TO_32_BIT_CONVERSION = YES;
				GCC_WARN_ABOUT_RETURN_TYPE = YES_ERROR;
				GCC_WARN_UNDECLARED_SELECTOR = YES;
				GCC_WARN_UNINITIALIZED_AUTOS = YES_AGGRESSIVE;
				GCC_WARN_UNUSED_FUNCTION = YES;
				GCC_WARN_UNUSED_VARIABLE = YES;
				IPHONEOS_DEPLOYMENT_TARGET = 17.0;
				LOCALIZATION_PREFERS_STRING_CATALOGS = YES;
				MTL_ENABLE_DEBUG_INFO = NO;
				MTL_FAST_MATH = YES;
				SDKROOT = iphoneos;
				SWIFT_COMPILATION_MODE = wholemodule;
				VALIDATE_PRODUCT = YES;
			};
			name = Release;
		};
		DB6418032AF94B6E00ACBDD7 /* Debug */ = {
			isa = XCBuildConfiguration;
			buildSettings = {
				ASSETCATALOG_COMPILER_APPICON_NAME = AppIcon;
				ASSETCATALOG_COMPILER_GLOBAL_ACCENT_COLOR_NAME = AccentColor;
				CODE_SIGN_STYLE = Automatic;
				CURRENT_PROJECT_VERSION = 1;
				DEVELOPMENT_ASSET_PATHS = "\"CPB_FireBase/Preview Content\"";
				ENABLE_PREVIEWS = YES;
				GENERATE_INFOPLIST_FILE = YES;
				INFOPLIST_KEY_UIApplicationSceneManifest_Generation = YES;
				INFOPLIST_KEY_UIApplicationSupportsIndirectInputEvents = YES;
				INFOPLIST_KEY_UILaunchScreen_Generation = YES;
				INFOPLIST_KEY_UISupportedInterfaceOrientations_iPad = "UIInterfaceOrientationPortrait UIInterfaceOrientationPortraitUpsideDown UIInterfaceOrientationLandscapeLeft UIInterfaceOrientationLandscapeRight";
				INFOPLIST_KEY_UISupportedInterfaceOrientations_iPhone = "UIInterfaceOrientationPortrait UIInterfaceOrientationLandscapeLeft UIInterfaceOrientationLandscapeRight";
				LD_RUNPATH_SEARCH_PATHS = (
					"$(inherited)",
					"@executable_path/Frameworks",
				);
				MARKETING_VERSION = 1.0;
				PRODUCT_BUNDLE_IDENTIFIER = "org.jhhs.624070.CPB-FireBase";
				PRODUCT_NAME = "$(TARGET_NAME)";
				SWIFT_EMIT_LOC_STRINGS = YES;
				SWIFT_VERSION = 5.0;
				TARGETED_DEVICE_FAMILY = "1,2";
			};
			name = Debug;
		};
		DB6418042AF94B6E00ACBDD7 /* Release */ = {
			isa = XCBuildConfiguration;
			buildSettings = {
				ASSETCATALOG_COMPILER_APPICON_NAME = AppIcon;
				ASSETCATALOG_COMPILER_GLOBAL_ACCENT_COLOR_NAME = AccentColor;
				CODE_SIGN_STYLE = Automatic;
				CURRENT_PROJECT_VERSION = 1;
				DEVELOPMENT_ASSET_PATHS = "\"CPB_FireBase/Preview Content\"";
				ENABLE_PREVIEWS = YES;
				GENERATE_INFOPLIST_FILE = YES;
				INFOPLIST_KEY_UIApplicationSceneManifest_Generation = YES;
				INFOPLIST_KEY_UIApplicationSupportsIndirectInputEvents = YES;
				INFOPLIST_KEY_UILaunchScreen_Generation = YES;
				INFOPLIST_KEY_UISupportedInterfaceOrientations_iPad = "UIInterfaceOrientationPortrait UIInterfaceOrientationPortraitUpsideDown UIInterfaceOrientationLandscapeLeft UIInterfaceOrientationLandscapeRight";
				INFOPLIST_KEY_UISupportedInterfaceOrientations_iPhone = "UIInterfaceOrientationPortrait UIInterfaceOrientationLandscapeLeft UIInterfaceOrientationLandscapeRight";
				LD_RUNPATH_SEARCH_PATHS = (
					"$(inherited)",
					"@executable_path/Frameworks",
				);
				MARKETING_VERSION = 1.0;
				PRODUCT_BUNDLE_IDENTIFIER = "org.jhhs.624070.CPB-FireBase";
				PRODUCT_NAME = "$(TARGET_NAME)";
				SWIFT_EMIT_LOC_STRINGS = YES;
				SWIFT_VERSION = 5.0;
				TARGETED_DEVICE_FAMILY = "1,2";
			};
			name = Release;
		};
		DB6418062AF94B6E00ACBDD7 /* Debug */ = {
			isa = XCBuildConfiguration;
			buildSettings = {
				ALWAYS_EMBED_SWIFT_STANDARD_LIBRARIES = YES;
				BUNDLE_LOADER = "$(TEST_HOST)";
				CODE_SIGN_STYLE = Automatic;
				CURRENT_PROJECT_VERSION = 1;
				GENERATE_INFOPLIST_FILE = YES;
				IPHONEOS_DEPLOYMENT_TARGET = 17.0;
				MARKETING_VERSION = 1.0;
				PRODUCT_BUNDLE_IDENTIFIER = "org.jhhs.624070.CPB-FireBaseTests";
				PRODUCT_NAME = "$(TARGET_NAME)";
				SWIFT_EMIT_LOC_STRINGS = NO;
				SWIFT_VERSION = 5.0;
				TARGETED_DEVICE_FAMILY = "1,2";
				TEST_HOST = "$(BUILT_PRODUCTS_DIR)/CPB_FireBase.app/$(BUNDLE_EXECUTABLE_FOLDER_PATH)/CPB_FireBase";
			};
			name = Debug;
		};
		DB6418072AF94B6E00ACBDD7 /* Release */ = {
			isa = XCBuildConfiguration;
			buildSettings = {
				ALWAYS_EMBED_SWIFT_STANDARD_LIBRARIES = YES;
				BUNDLE_LOADER = "$(TEST_HOST)";
				CODE_SIGN_STYLE = Automatic;
				CURRENT_PROJECT_VERSION = 1;
				GENERATE_INFOPLIST_FILE = YES;
				IPHONEOS_DEPLOYMENT_TARGET = 17.0;
				MARKETING_VERSION = 1.0;
				PRODUCT_BUNDLE_IDENTIFIER = "org.jhhs.624070.CPB-FireBaseTests";
				PRODUCT_NAME = "$(TARGET_NAME)";
				SWIFT_EMIT_LOC_STRINGS = NO;
				SWIFT_VERSION = 5.0;
				TARGETED_DEVICE_FAMILY = "1,2";
				TEST_HOST = "$(BUILT_PRODUCTS_DIR)/CPB_FireBase.app/$(BUNDLE_EXECUTABLE_FOLDER_PATH)/CPB_FireBase";
			};
			name = Release;
		};
		DB6418092AF94B6E00ACBDD7 /* Debug */ = {
			isa = XCBuildConfiguration;
			buildSettings = {
				ALWAYS_EMBED_SWIFT_STANDARD_LIBRARIES = YES;
				CODE_SIGN_STYLE = Automatic;
				CURRENT_PROJECT_VERSION = 1;
				GENERATE_INFOPLIST_FILE = YES;
				MARKETING_VERSION = 1.0;
				PRODUCT_BUNDLE_IDENTIFIER = "org.jhhs.624070.CPB-FireBaseUITests";
				PRODUCT_NAME = "$(TARGET_NAME)";
				SWIFT_EMIT_LOC_STRINGS = NO;
				SWIFT_VERSION = 5.0;
				TARGETED_DEVICE_FAMILY = "1,2";
				TEST_TARGET_NAME = CPB_FireBase;
			};
			name = Debug;
		};
		DB64180A2AF94B6E00ACBDD7 /* Release */ = {
			isa = XCBuildConfiguration;
			buildSettings = {
				ALWAYS_EMBED_SWIFT_STANDARD_LIBRARIES = YES;
				CODE_SIGN_STYLE = Automatic;
				CURRENT_PROJECT_VERSION = 1;
				GENERATE_INFOPLIST_FILE = YES;
				MARKETING_VERSION = 1.0;
				PRODUCT_BUNDLE_IDENTIFIER = "org.jhhs.624070.CPB-FireBaseUITests";
				PRODUCT_NAME = "$(TARGET_NAME)";
				SWIFT_EMIT_LOC_STRINGS = NO;
				SWIFT_VERSION = 5.0;
				TARGETED_DEVICE_FAMILY = "1,2";
				TEST_TARGET_NAME = CPB_FireBase;
			};
			name = Release;
		};
/* End XCBuildConfiguration section */

/* Begin XCConfigurationList section */
		DB6417D92AF94B6A00ACBDD7 /* Build configuration list for PBXProject "CPB_FireBase" */ = {
			isa = XCConfigurationList;
			buildConfigurations = (
				DB6418002AF94B6E00ACBDD7 /* Debug */,
				DB6418012AF94B6E00ACBDD7 /* Release */,
			);
			defaultConfigurationIsVisible = 0;
			defaultConfigurationName = Release;
		};
		DB6418022AF94B6E00ACBDD7 /* Build configuration list for PBXNativeTarget "CPB_FireBase" */ = {
			isa = XCConfigurationList;
			buildConfigurations = (
				DB6418032AF94B6E00ACBDD7 /* Debug */,
				DB6418042AF94B6E00ACBDD7 /* Release */,
			);
			defaultConfigurationIsVisible = 0;
			defaultConfigurationName = Release;
		};
		DB6418052AF94B6E00ACBDD7 /* Build configuration list for PBXNativeTarget "CPB_FireBaseTests" */ = {
			isa = XCConfigurationList;
			buildConfigurations = (
				DB6418062AF94B6E00ACBDD7 /* Debug */,
				DB6418072AF94B6E00ACBDD7 /* Release */,
			);
			defaultConfigurationIsVisible = 0;
			defaultConfigurationName = Release;
		};
		DB6418082AF94B6E00ACBDD7 /* Build configuration list for PBXNativeTarget "CPB_FireBaseUITests" */ = {
			isa = XCConfigurationList;
			buildConfigurations = (
				DB6418092AF94B6E00ACBDD7 /* Debug */,
				DB64180A2AF94B6E00ACBDD7 /* Release */,
			);
			defaultConfigurationIsVisible = 0;
			defaultConfigurationName = Release;
		};
/* End XCConfigurationList section */
	};
	rootObject = DB6417D62AF94B6A00ACBDD7 /* Project object */;
}
